
Microsoft Visual Studio Solution File, Format Version 12.00
# Visual Studio Version 17
VisualStudioVersion = 17.0.31903.59
MinimumVisualStudioVersion = 10.0.40219.1
Project("{FAE04EC0-301F-11D3-BF4B-00C04F79EFBC}") = "API", "API\API.csproj", "{6BC8DC3E-6109-49D3-9FC3-626F870363C1}"
EndProject
Project("{FAE04EC0-301F-11D3-BF4B-00C04F79EFBC}") = "Application", "Application\Application.csproj", "{BE9C501B-035E-481B-8202-2A818A55574A}"
EndProject
Project("{FAE04EC0-301F-11D3-BF4B-00C04F79EFBC}") = "Domain", "Domain\Domain.csproj", "{9498AA48-2E87-452E-B25A-644077F00689}"
EndProject
Project("{FAE04EC0-301F-11D3-BF4B-00C04F79EFBC}") = "Persistence", "Persistence\Persistence.csproj", "{46F99807-22BB-4620-A6B3-E369D48CCBA4}"
EndProject
Project("{FAE04EC0-301F-11D3-BF4B-00C04F79EFBC}") = "Infrastructure", "Infrastructure\Infrastructure.csproj", "{617A9671-EA99-434A-AF19-3F9812BF06ED}"
EndProject
Global
	GlobalSection(SolutionConfigurationPlatforms) = preSolution
		Debug|Any CPU = Debug|Any CPU
		Release|Any CPU = Release|Any CPU
	EndGlobalSection
	GlobalSection(SolutionProperties) = preSolution
		HideSolutionNode = FALSE
	EndGlobalSection
	GlobalSection(ProjectConfigurationPlatforms) = postSolution
		{6BC8DC3E-6109-49D3-9FC3-626F870363C1}.Debug|Any CPU.ActiveCfg = Debug|Any CPU
		{6BC8DC3E-6109-49D3-9FC3-626F870363C1}.Debug|Any CPU.Build.0 = Debug|Any CPU
		{6BC8DC3E-6109-49D3-9FC3-626F870363C1}.Release|Any CPU.ActiveCfg = Release|Any CPU
		{6BC8DC3E-6109-49D3-9FC3-626F870363C1}.Release|Any CPU.Build.0 = Release|Any CPU
		{BE9C501B-035E-481B-8202-2A818A55574A}.Debug|Any CPU.ActiveCfg = Debug|Any CPU
		{BE9C501B-035E-481B-8202-2A818A55574A}.Debug|Any CPU.Build.0 = Debug|Any CPU
		{BE9C501B-035E-481B-8202-2A818A55574A}.Release|Any CPU.ActiveCfg = Release|Any CPU
		{BE9C501B-035E-481B-8202-2A818A55574A}.Release|Any CPU.Build.0 = Release|Any CPU
		{9498AA48-2E87-452E-B25A-644077F00689}.Debug|Any CPU.ActiveCfg = Debug|Any CPU
		{9498AA48-2E87-452E-B25A-644077F00689}.Debug|Any CPU.Build.0 = Debug|Any CPU
		{9498AA48-2E87-452E-B25A-644077F00689}.Release|Any CPU.ActiveCfg = Release|Any CPU
		{9498AA48-2E87-452E-B25A-644077F00689}.Release|Any CPU.Build.0 = Release|Any CPU
		{46F99807-22BB-4620-A6B3-E369D48CCBA4}.Debug|Any CPU.ActiveCfg = Debug|Any CPU
		{46F99807-22BB-4620-A6B3-E369D48CCBA4}.Debug|Any CPU.Build.0 = Debug|Any CPU
		{46F99807-22BB-4620-A6B3-E369D48CCBA4}.Release|Any CPU.ActiveCfg = Release|Any CPU
		{46F99807-22BB-4620-A6B3-E369D48CCBA4}.Release|Any CPU.Build.0 = Release|Any CPU
		{617A9671-EA99-434A-AF19-3F9812BF06ED}.Debug|Any CPU.ActiveCfg = Debug|Any CPU
		{617A9671-EA99-434A-AF19-3F9812BF06ED}.Debug|Any CPU.Build.0 = Debug|Any CPU
		{617A9671-EA99-434A-AF19-3F9812BF06ED}.Release|Any CPU.ActiveCfg = Release|Any CPU
		{617A9671-EA99-434A-AF19-3F9812BF06ED}.Release|Any CPU.Build.0 = Release|Any CPU
	EndGlobalSection
EndGlobal
